
Microsoft Visual Studio Solution File, Format Version 12.00
# Visual Studio Version 17
VisualStudioVersion = 17.4.33205.214
MinimumVisualStudioVersion = 10.0.40219.1
Project("{2150E333-8FDC-42A3-9474-1A3956D46DE8}") = "Tests", "Tests", "{BD422A1E-672F-491E-8F84-375413404B69}"
EndProject
Project("{9A19103F-16F7-4668-BE54-9A1E7A4F7556}") = "P1XCS000086.Modules.ModuleName.Tests", "P1XCS000086\Tests\P1XCS000086.Modules.ModuleName.Tests\P1XCS000086.Modules.ModuleName.Tests.csproj", "{CB5D6B8E-9019-4736-BED1-956B9BE137DF}"
EndProject
Project("{2150E333-8FDC-42A3-9474-1A3956D46DE8}") = "Modules", "Modules", "{8D7CE1E1-2CDC-4B35-A845-D3349860BDCF}"
EndProject
Project("{2150E333-8FDC-42A3-9474-1A3956D46DE8}") = "Services", "Services", "{D07DEF62-24F8-4CEA-9617-B18F32CFA2BD}"
EndProject
Project("{9A19103F-16F7-4668-BE54-9A1E7A4F7556}") = "P1XCS000086.Services", "P1XCS000086\Services\P1XCS000086.Services\P1XCS000086.Services.csproj", "{4805841B-F831-4296-B78E-9A3DBAF4DA79}"
EndProject
Project("{9A19103F-16F7-4668-BE54-9A1E7A4F7556}") = "P1XCS000086.Services.Interfaces", "P1XCS000086\Services\P1XCS000086.Services.Interfaces\P1XCS000086.Services.Interfaces.csproj", "{FB3781B1-C402-406E-87B4-16CAA74BA13C}"
EndProject
Project("{9A19103F-16F7-4668-BE54-9A1E7A4F7556}") = "P1XCS000086", "P1XCS000086\P1XCS000086\P1XCS000086.csproj", "{540060EF-80A2-4BD2-9A99-12A76018CE29}"
EndProject
Project("{9A19103F-16F7-4668-BE54-9A1E7A4F7556}") = "P1XCS000086.Core", "P1XCS000086\P1XCS000086.Core\P1XCS000086.Core.csproj", "{95CB6E05-E098-4411-B23E-4125BC629791}"
EndProject
Project("{9A19103F-16F7-4668-BE54-9A1E7A4F7556}") = "P1XCS000086.Modules.HomeView", "P1XCS000086\Modules\P1XCS000086.Modules.HomeView\P1XCS000086.Modules.HomeView.csproj", "{3FB7D3A6-5B6B-4601-87E6-C01FA5845F95}"
EndProject
Project("{9A19103F-16F7-4668-BE54-9A1E7A4F7556}") = "P1XCS000086.Modules.CodeManagerView", "P1XCS000086\Modules\P1XCS000086.Modules.CodeManagerView\P1XCS000086.Modules.CodeManagerView.csproj", "{BEA0580A-C660-4540-AD39-710E2388CA8C}"
EndProject
Project("{9A19103F-16F7-4668-BE54-9A1E7A4F7556}") = "P1XCS000086.Modules.HouseholdExpenses", "P1XCS000086\Modules\P1XCS000086.Modules.HouseholdExpenses\P1XCS000086.Modules.HouseholdExpenses.csproj", "{5D8713DA-590C-40A2-AF10-A90F6EC13F5F}"
EndProject
Project("{FAE04EC0-301F-11D3-BF4B-00C04F79EFBC}") = "P1XCS000086.Modules.AutomationView", "P1XCS000086\Modules\P1XCS000086.Modules.AutomationView\P1XCS000086.Modules.AutomationView.csproj", "{FB1FC9B7-E817-489B-B156-69D88EB61F0B}"
EndProject
Global
	GlobalSection(SolutionConfigurationPlatforms) = preSolution
		Debug|Any CPU = Debug|Any CPU
		Release|Any CPU = Release|Any CPU
	EndGlobalSection
	GlobalSection(ProjectConfigurationPlatforms) = postSolution
		{CB5D6B8E-9019-4736-BED1-956B9BE137DF}.Debug|Any CPU.ActiveCfg = Debug|Any CPU
		{CB5D6B8E-9019-4736-BED1-956B9BE137DF}.Debug|Any CPU.Build.0 = Debug|Any CPU
		{CB5D6B8E-9019-4736-BED1-956B9BE137DF}.Release|Any CPU.ActiveCfg = Release|Any CPU
		{CB5D6B8E-9019-4736-BED1-956B9BE137DF}.Release|Any CPU.Build.0 = Release|Any CPU
		{4805841B-F831-4296-B78E-9A3DBAF4DA79}.Debug|Any CPU.ActiveCfg = Debug|Any CPU
		{4805841B-F831-4296-B78E-9A3DBAF4DA79}.Debug|Any CPU.Build.0 = Debug|Any CPU
		{4805841B-F831-4296-B78E-9A3DBAF4DA79}.Release|Any CPU.ActiveCfg = Release|Any CPU
		{4805841B-F831-4296-B78E-9A3DBAF4DA79}.Release|Any CPU.Build.0 = Release|Any CPU
		{FB3781B1-C402-406E-87B4-16CAA74BA13C}.Debug|Any CPU.ActiveCfg = Debug|Any CPU
		{FB3781B1-C402-406E-87B4-16CAA74BA13C}.Debug|Any CPU.Build.0 = Debug|Any CPU
		{FB3781B1-C402-406E-87B4-16CAA74BA13C}.Release|Any CPU.ActiveCfg = Release|Any CPU
		{FB3781B1-C402-406E-87B4-16CAA74BA13C}.Release|Any CPU.Build.0 = Release|Any CPU
		{540060EF-80A2-4BD2-9A99-12A76018CE29}.Debug|Any CPU.ActiveCfg = Debug|Any CPU
		{540060EF-80A2-4BD2-9A99-12A76018CE29}.Debug|Any CPU.Build.0 = Debug|Any CPU
		{540060EF-80A2-4BD2-9A99-12A76018CE29}.Release|Any CPU.ActiveCfg = Release|Any CPU
		{540060EF-80A2-4BD2-9A99-12A76018CE29}.Release|Any CPU.Build.0 = Release|Any CPU
		{95CB6E05-E098-4411-B23E-4125BC629791}.Debug|Any CPU.ActiveCfg = Debug|Any CPU
		{95CB6E05-E098-4411-B23E-4125BC629791}.Debug|Any CPU.Build.0 = Debug|Any CPU
		{95CB6E05-E098-4411-B23E-4125BC629791}.Release|Any CPU.ActiveCfg = Release|Any CPU
		{95CB6E05-E098-4411-B23E-4125BC629791}.Release|Any CPU.Build.0 = Release|Any CPU
		{3FB7D3A6-5B6B-4601-87E6-C01FA5845F95}.Debug|Any CPU.ActiveCfg = Debug|Any CPU
		{3FB7D3A6-5B6B-4601-87E6-C01FA5845F95}.Debug|Any CPU.Build.0 = Debug|Any CPU
		{3FB7D3A6-5B6B-4601-87E6-C01FA5845F95}.Release|Any CPU.ActiveCfg = Release|Any CPU
		{3FB7D3A6-5B6B-4601-87E6-C01FA5845F95}.Release|Any CPU.Build.0 = Release|Any CPU
		{BEA0580A-C660-4540-AD39-710E2388CA8C}.Debug|Any CPU.ActiveCfg = Debug|Any CPU
		{BEA0580A-C660-4540-AD39-710E2388CA8C}.Debug|Any CPU.Build.0 = Debug|Any CPU
		{BEA0580A-C660-4540-AD39-710E2388CA8C}.Release|Any CPU.ActiveCfg = Release|Any CPU
		{BEA0580A-C660-4540-AD39-710E2388CA8C}.Release|Any CPU.Build.0 = Release|Any CPU
		{5D8713DA-590C-40A2-AF10-A90F6EC13F5F}.Debug|Any CPU.ActiveCfg = Debug|Any CPU
		{5D8713DA-590C-40A2-AF10-A90F6EC13F5F}.Debug|Any CPU.Build.0 = Debug|Any CPU
		{5D8713DA-590C-40A2-AF10-A90F6EC13F5F}.Release|Any CPU.ActiveCfg = Release|Any CPU
		{5D8713DA-590C-40A2-AF10-A90F6EC13F5F}.Release|Any CPU.Build.0 = Release|Any CPU
		{FB1FC9B7-E817-489B-B156-69D88EB61F0B}.Debug|Any CPU.ActiveCfg = Debug|Any CPU
		{FB1FC9B7-E817-489B-B156-69D88EB61F0B}.Debug|Any CPU.Build.0 = Debug|Any CPU
		{FB1FC9B7-E817-489B-B156-69D88EB61F0B}.Release|Any CPU.ActiveCfg = Release|Any CPU
		{FB1FC9B7-E817-489B-B156-69D88EB61F0B}.Release|Any CPU.Build.0 = Release|Any CPU
	EndGlobalSection
	GlobalSection(SolutionProperties) = preSolution
		HideSolutionNode = FALSE
	EndGlobalSection
	GlobalSection(NestedProjects) = preSolution
		{CB5D6B8E-9019-4736-BED1-956B9BE137DF} = {BD422A1E-672F-491E-8F84-375413404B69}
		{4805841B-F831-4296-B78E-9A3DBAF4DA79} = {D07DEF62-24F8-4CEA-9617-B18F32CFA2BD}
		{FB3781B1-C402-406E-87B4-16CAA74BA13C} = {D07DEF62-24F8-4CEA-9617-B18F32CFA2BD}
		{3FB7D3A6-5B6B-4601-87E6-C01FA5845F95} = {8D7CE1E1-2CDC-4B35-A845-D3349860BDCF}
		{BEA0580A-C660-4540-AD39-710E2388CA8C} = {8D7CE1E1-2CDC-4B35-A845-D3349860BDCF}
		{5D8713DA-590C-40A2-AF10-A90F6EC13F5F} = {8D7CE1E1-2CDC-4B35-A845-D3349860BDCF}
		{FB1FC9B7-E817-489B-B156-69D88EB61F0B} = {8D7CE1E1-2CDC-4B35-A845-D3349860BDCF}
	EndGlobalSection
	GlobalSection(ExtensibilityGlobals) = postSolution
		SolutionGuid = {32623ECF-DB24-4828-A3B4-D638EEEB3D3D}
	EndGlobalSection
EndGlobal
